// !$*UTF8*$!
{
	archiveVersion = 1;
	classes = {
	};
	objectVersion = 55;
	objects = {

/* Begin PBXBuildFile section */
		BF473B5E280A78230099ED59 /* UIView+.swift in Sources */ = {isa = PBXBuildFile; fileRef = BF473B5D280A78230099ED59 /* UIView+.swift */; };
		BF473B60280A869F0099ED59 /* SearchResultTableViewCell.swift in Sources */ = {isa = PBXBuildFile; fileRef = BF473B5F280A869F0099ED59 /* SearchResultTableViewCell.swift */; };
		BF51D342280A235F00D70000 /* APIManager.swift in Sources */ = {isa = PBXBuildFile; fileRef = BF51D341280A235F00D70000 /* APIManager.swift */; };
		BF51D344280A23A400D70000 /* PersistenceManager.swift in Sources */ = {isa = PBXBuildFile; fileRef = BF51D343280A23A400D70000 /* PersistenceManager.swift */; };
		BF51D346280A23DD00D70000 /* HapticsManager.swift in Sources */ = {isa = PBXBuildFile; fileRef = BF51D345280A23DD00D70000 /* HapticsManager.swift */; };
		BFCCA891280942D3004D2CE1 /* AppDelegate.swift in Sources */ = {isa = PBXBuildFile; fileRef = BFCCA890280942D2004D2CE1 /* AppDelegate.swift */; };
		BFCCA893280942D3004D2CE1 /* SceneDelegate.swift in Sources */ = {isa = PBXBuildFile; fileRef = BFCCA892280942D3004D2CE1 /* SceneDelegate.swift */; };
		BFCCA89A280942D4004D2CE1 /* Assets.xcassets in Resources */ = {isa = PBXBuildFile; fileRef = BFCCA899280942D4004D2CE1 /* Assets.xcassets */; };
		BFCCA89D280942D4004D2CE1 /* LaunchScreen.storyboard in Resources */ = {isa = PBXBuildFile; fileRef = BFCCA89B280942D4004D2CE1 /* LaunchScreen.storyboard */; };
		BFCCA8AA28094468004D2CE1 /* WatchListViewController.swift in Sources */ = {isa = PBXBuildFile; fileRef = BFCCA8A928094468004D2CE1 /* WatchListViewController.swift */; };
		BFCCA8AC280944BC004D2CE1 /* TopStoriesNewsViewController.swift in Sources */ = {isa = PBXBuildFile; fileRef = BFCCA8AB280944BC004D2CE1 /* TopStoriesNewsViewController.swift */; };
		BFCCA8AE280944EE004D2CE1 /* SearchResultsViewController.swift in Sources */ = {isa = PBXBuildFile; fileRef = BFCCA8AD280944EE004D2CE1 /* SearchResultsViewController.swift */; };
		BFCCA8B028094537004D2CE1 /* StockDetailViewController.swift in Sources */ = {isa = PBXBuildFile; fileRef = BFCCA8AF28094537004D2CE1 /* StockDetailViewController.swift */; };
/* End PBXBuildFile section */

/* Begin PBXFileReference section */
		BF473B5D280A78230099ED59 /* UIView+.swift */ = {isa = PBXFileReference; lastKnownFileType = sourcecode.swift; path = "UIView+.swift"; sourceTree = "<group>"; };
		BF473B5F280A869F0099ED59 /* SearchResultTableViewCell.swift */ = {isa = PBXFileReference; lastKnownFileType = sourcecode.swift; path = SearchResultTableViewCell.swift; sourceTree = "<group>"; };
		BF51D341280A235F00D70000 /* APIManager.swift */ = {isa = PBXFileReference; lastKnownFileType = sourcecode.swift; path = APIManager.swift; sourceTree = "<group>"; };
		BF51D343280A23A400D70000 /* PersistenceManager.swift */ = {isa = PBXFileReference; lastKnownFileType = sourcecode.swift; path = PersistenceManager.swift; sourceTree = "<group>"; };
		BF51D345280A23DD00D70000 /* HapticsManager.swift */ = {isa = PBXFileReference; lastKnownFileType = sourcecode.swift; path = HapticsManager.swift; sourceTree = "<group>"; };
		BFCCA88D280942D2004D2CE1 /* stockApp.app */ = {isa = PBXFileReference; explicitFileType = wrapper.application; includeInIndex = 0; path = stockApp.app; sourceTree = BUILT_PRODUCTS_DIR; };
		BFCCA890280942D2004D2CE1 /* AppDelegate.swift */ = {isa = PBXFileReference; lastKnownFileType = sourcecode.swift; path = AppDelegate.swift; sourceTree = "<group>"; };
		BFCCA892280942D3004D2CE1 /* SceneDelegate.swift */ = {isa = PBXFileReference; lastKnownFileType = sourcecode.swift; path = SceneDelegate.swift; sourceTree = "<group>"; };
		BFCCA899280942D4004D2CE1 /* Assets.xcassets */ = {isa = PBXFileReference; lastKnownFileType = folder.assetcatalog; path = Assets.xcassets; sourceTree = "<group>"; };
		BFCCA89C280942D4004D2CE1 /* Base */ = {isa = PBXFileReference; lastKnownFileType = file.storyboard; name = Base; path = Base.lproj/LaunchScreen.storyboard; sourceTree = "<group>"; };
		BFCCA89E280942D4004D2CE1 /* Info.plist */ = {isa = PBXFileReference; lastKnownFileType = text.plist.xml; path = Info.plist; sourceTree = "<group>"; };
		BFCCA8A928094468004D2CE1 /* WatchListViewController.swift */ = {isa = PBXFileReference; lastKnownFileType = sourcecode.swift; path = WatchListViewController.swift; sourceTree = "<group>"; };
		BFCCA8AB280944BC004D2CE1 /* TopStoriesNewsViewController.swift */ = {isa = PBXFileReference; lastKnownFileType = sourcecode.swift; path = TopStoriesNewsViewController.swift; sourceTree = "<group>"; };
		BFCCA8AD280944EE004D2CE1 /* SearchResultsViewController.swift */ = {isa = PBXFileReference; lastKnownFileType = sourcecode.swift; path = SearchResultsViewController.swift; sourceTree = "<group>"; };
		BFCCA8AF28094537004D2CE1 /* StockDetailViewController.swift */ = {isa = PBXFileReference; lastKnownFileType = sourcecode.swift; path = StockDetailViewController.swift; sourceTree = "<group>"; };
/* End PBXFileReference section */

/* Begin PBXFrameworksBuildPhase section */
		BFCCA88A280942D2004D2CE1 /* Frameworks */ = {
			isa = PBXFrameworksBuildPhase;
			buildActionMask = 2147483647;
			files = (
			);
			runOnlyForDeploymentPostprocessing = 0;
		};
/* End PBXFrameworksBuildPhase section */

/* Begin PBXGroup section */
		BFCCA884280942D2004D2CE1 = {
			isa = PBXGroup;
			children = (
				BFCCA88F280942D2004D2CE1 /* stockApp */,
				BFCCA88E280942D2004D2CE1 /* Products */,
			);
			sourceTree = "<group>";
		};
		BFCCA88E280942D2004D2CE1 /* Products */ = {
			isa = PBXGroup;
			children = (
				BFCCA88D280942D2004D2CE1 /* stockApp.app */,
			);
			name = Products;
			sourceTree = "<group>";
		};
		BFCCA88F280942D2004D2CE1 /* stockApp */ = {
			isa = PBXGroup;
			children = (
				BFCCA8A828094397004D2CE1 /* Others */,
				BFCCA8A72809438E004D2CE1 /* Managers */,
				BFCCA8A628094387004D2CE1 /* Controllers */,
				BFCCA8A528094382004D2CE1 /* Views */,
				BFCCA8A42809437D004D2CE1 /* Models */,
				BFCCA89E280942D4004D2CE1 /* Info.plist */,
			);
			path = stockApp;
			sourceTree = "<group>";
		};
		BFCCA8A42809437D004D2CE1 /* Models */ = {
			isa = PBXGroup;
			children = (
			);
			path = Models;
			sourceTree = "<group>";
		};
		BFCCA8A528094382004D2CE1 /* Views */ = {
			isa = PBXGroup;
			children = (
				BFCCA89B280942D4004D2CE1 /* LaunchScreen.storyboard */,
				BF473B5F280A869F0099ED59 /* SearchResultTableViewCell.swift */,
			);
			path = Views;
			sourceTree = "<group>";
		};
		BFCCA8A628094387004D2CE1 /* Controllers */ = {
			isa = PBXGroup;
			children = (
				BFCCA8A928094468004D2CE1 /* WatchListViewController.swift */,
				BFCCA8AB280944BC004D2CE1 /* TopStoriesNewsViewController.swift */,
				BFCCA8AD280944EE004D2CE1 /* SearchResultsViewController.swift */,
				BFCCA8AF28094537004D2CE1 /* StockDetailViewController.swift */,
			);
			path = Controllers;
			sourceTree = "<group>";
		};
		BFCCA8A72809438E004D2CE1 /* Managers */ = {
			isa = PBXGroup;
			children = (
				BF51D341280A235F00D70000 /* APIManager.swift */,
				BF51D343280A23A400D70000 /* PersistenceManager.swift */,
				BF51D345280A23DD00D70000 /* HapticsManager.swift */,
			);
			path = Managers;
			sourceTree = "<group>";
		};
		BFCCA8A828094397004D2CE1 /* Others */ = {
			isa = PBXGroup;
			children = (
				BFCCA890280942D2004D2CE1 /* AppDelegate.swift */,
				BFCCA892280942D3004D2CE1 /* SceneDelegate.swift */,
				BFCCA899280942D4004D2CE1 /* Assets.xcassets */,
				BF473B5D280A78230099ED59 /* UIView+.swift */,
			);
			path = Others;
			sourceTree = "<group>";
		};
/* End PBXGroup section */

/* Begin PBXNativeTarget section */
		BFCCA88C280942D2004D2CE1 /* stockApp */ = {
			isa = PBXNativeTarget;
			buildConfigurationList = BFCCA8A1280942D4004D2CE1 /* Build configuration list for PBXNativeTarget "stockApp" */;
			buildPhases = (
				BFCCA889280942D2004D2CE1 /* Sources */,
				BFCCA88A280942D2004D2CE1 /* Frameworks */,
				BFCCA88B280942D2004D2CE1 /* Resources */,
			);
			buildRules = (
			);
			dependencies = (
			);
			name = stockApp;
			productName = stockApp;
			productReference = BFCCA88D280942D2004D2CE1 /* stockApp.app */;
			productType = "com.apple.product-type.application";
		};
/* End PBXNativeTarget section */

/* Begin PBXProject section */
		BFCCA885280942D2004D2CE1 /* Project object */ = {
			isa = PBXProject;
			attributes = {
				BuildIndependentTargetsInParallel = 1;
				LastSwiftUpdateCheck = 1330;
				LastUpgradeCheck = 1330;
				TargetAttributes = {
					BFCCA88C280942D2004D2CE1 = {
						CreatedOnToolsVersion = 13.3.1;
					};
				};
			};
			buildConfigurationList = BFCCA888280942D2004D2CE1 /* Build configuration list for PBXProject "stockApp" */;
			compatibilityVersion = "Xcode 13.0";
			developmentRegion = en;
			hasScannedForEncodings = 0;
			knownRegions = (
				en,
				Base,
			);
			mainGroup = BFCCA884280942D2004D2CE1;
			productRefGroup = BFCCA88E280942D2004D2CE1 /* Products */;
			projectDirPath = "";
			projectRoot = "";
			targets = (
				BFCCA88C280942D2004D2CE1 /* stockApp */,
			);
		};
/* End PBXProject section */

/* Begin PBXResourcesBuildPhase section */
		BFCCA88B280942D2004D2CE1 /* Resources */ = {
			isa = PBXResourcesBuildPhase;
			buildActionMask = 2147483647;
			files = (
				BFCCA89D280942D4004D2CE1 /* LaunchScreen.storyboard in Resources */,
				BFCCA89A280942D4004D2CE1 /* Assets.xcassets in Resources */,
			);
			runOnlyForDeploymentPostprocessing = 0;
		};
/* End PBXResourcesBuildPhase section */

/* Begin PBXSourcesBuildPhase section */
		BFCCA889280942D2004D2CE1 /* Sources */ = {
			isa = PBXSourcesBuildPhase;
			buildActionMask = 2147483647;
			files = (
				BF51D346280A23DD00D70000 /* HapticsManager.swift in Sources */,
				BF473B60280A869F0099ED59 /* SearchResultTableViewCell.swift in Sources */,
				BFCCA8B028094537004D2CE1 /* StockDetailViewController.swift in Sources */,
				BFCCA891280942D3004D2CE1 /* AppDelegate.swift in Sources */,
				BFCCA8AC280944BC004D2CE1 /* TopStoriesNewsViewController.swift in Sources */,
				BF473B5E280A78230099ED59 /* UIView+.swift in Sources */,
				BF51D344280A23A400D70000 /* PersistenceManager.swift in Sources */,
				BFCCA8AA28094468004D2CE1 /* WatchListViewController.swift in Sources */,
				BFCCA893280942D3004D2CE1 /* SceneDelegate.swift in Sources */,
				BFCCA8AE280944EE004D2CE1 /* SearchResultsViewController.swift in Sources */,
				BF51D342280A235F00D70000 /* APIManager.swift in Sources */,
			);
			runOnlyForDeploymentPostprocessing = 0;
		};
/* End PBXSourcesBuildPhase section */

/* Begin PBXVariantGroup section */
		BFCCA89B280942D4004D2CE1 /* LaunchScreen.storyboard */ = {
			isa = PBXVariantGroup;
			children = (
				BFCCA89C280942D4004D2CE1 /* Base */,
			);
			name = LaunchScreen.storyboard;
			sourceTree = "<group>";
		};
/* End PBXVariantGroup section */

/* Begin XCBuildConfiguration section */
		BFCCA89F280942D4004D2CE1 /* Debug */ = {
			isa = XCBuildConfiguration;
			buildSettings = {
				ALWAYS_SEARCH_USER_PATHS = NO;
				CLANG_ANALYZER_NONNULL = YES;
				CLANG_ANALYZER_NUMBER_OBJECT_CONVERSION = YES_AGGRESSIVE;
				CLANG_CXX_LANGUAGE_STANDARD = "gnu++17";
				CLANG_ENABLE_MODULES = YES;
				CLANG_ENABLE_OBJC_ARC = YES;
				CLANG_ENABLE_OBJC_WEAK = YES;
				CLANG_WARN_BLOCK_CAPTURE_AUTORELEASING = YES;
				CLANG_WARN_BOOL_CONVERSION = YES;
				CLANG_WARN_COMMA = YES;
				CLANG_WARN_CONSTANT_CONVERSION = YES;
				CLANG_WARN_DEPRECATED_OBJC_IMPLEMENTATIONS = YES;
				CLANG_WARN_DIRECT_OBJC_ISA_USAGE = YES_ERROR;
				CLANG_WARN_DOCUMENTATION_COMMENTS = YES;
				CLANG_WARN_EMPTY_BODY = YES;
				CLANG_WARN_ENUM_CONVERSION = YES;
				CLANG_WARN_INFINITE_RECURSION = YES;
				CLANG_WARN_INT_CONVERSION = YES;
				CLANG_WARN_NON_LITERAL_NULL_CONVERSION = YES;
				CLANG_WARN_OBJC_IMPLICIT_RETAIN_SELF = YES;
				CLANG_WARN_OBJC_LITERAL_CONVERSION = YES;
				CLANG_WARN_OBJC_ROOT_CLASS = YES_ERROR;
				CLANG_WARN_QUOTED_INCLUDE_IN_FRAMEWORK_HEADER = YES;
				CLANG_WARN_RANGE_LOOP_ANALYSIS = YES;
				CLANG_WARN_STRICT_PROTOTYPES = YES;
				CLANG_WARN_SUSPICIOUS_MOVE = YES;
				CLANG_WARN_UNGUARDED_AVAILABILITY = YES_AGGRESSIVE;
				CLANG_WARN_UNREACHABLE_CODE = YES;
				CLANG_WARN__DUPLICATE_METHOD_MATCH = YES;
				COPY_PHASE_STRIP = NO;
				DEBUG_INFORMATION_FORMAT = dwarf;
				ENABLE_STRICT_OBJC_MSGSEND = YES;
				ENABLE_TESTABILITY = YES;
				GCC_C_LANGUAGE_STANDARD = gnu11;
				GCC_DYNAMIC_NO_PIC = NO;
				GCC_NO_COMMON_BLOCKS = YES;
				GCC_OPTIMIZATION_LEVEL = 0;
				GCC_PREPROCESSOR_DEFINITIONS = (
					"DEBUG=1",
					"$(inherited)",
				);
				GCC_WARN_64_TO_32_BIT_CONVERSION = YES;
				GCC_WARN_ABOUT_RETURN_TYPE = YES_ERROR;
				GCC_WARN_UNDECLARED_SELECTOR = YES;
				GCC_WARN_UNINITIALIZED_AUTOS = YES_AGGRESSIVE;
				GCC_WARN_UNUSED_FUNCTION = YES;
				GCC_WARN_UNUSED_VARIABLE = YES;
				IPHONEOS_DEPLOYMENT_TARGET = 15.4;
				MTL_ENABLE_DEBUG_INFO = INCLUDE_SOURCE;
				MTL_FAST_MATH = YES;
				ONLY_ACTIVE_ARCH = YES;
				SDKROOT = iphoneos;
				SWIFT_ACTIVE_COMPILATION_CONDITIONS = DEBUG;
				SWIFT_OPTIMIZATION_LEVEL = "-Onone";
			};
			name = Debug;
		};
		BFCCA8A0280942D4004D2CE1 /* Release */ = {
			isa = XCBuildConfiguration;
			buildSettings = {
				ALWAYS_SEARCH_USER_PATHS = NO;
				CLANG_ANALYZER_NONNULL = YES;
				CLANG_ANALYZER_NUMBER_OBJECT_CONVERSION = YES_AGGRESSIVE;
				CLANG_CXX_LANGUAGE_STANDARD = "gnu++17";
				CLANG_ENABLE_MODULES = YES;
				CLANG_ENABLE_OBJC_ARC = YES;
				CLANG_ENABLE_OBJC_WEAK = YES;
				CLANG_WARN_BLOCK_CAPTURE_AUTORELEASING = YES;
				CLANG_WARN_BOOL_CONVERSION = YES;
				CLANG_WARN_COMMA = YES;
				CLANG_WARN_CONSTANT_CONVERSION = YES;
				CLANG_WARN_DEPRECATED_OBJC_IMPLEMENTATIONS = YES;
				CLANG_WARN_DIRECT_OBJC_ISA_USAGE = YES_ERROR;
				CLANG_WARN_DOCUMENTATION_COMMENTS = YES;
				CLANG_WARN_EMPTY_BODY = YES;
				CLANG_WARN_ENUM_CONVERSION = YES;
				CLANG_WARN_INFINITE_RECURSION = YES;
				CLANG_WARN_INT_CONVERSION = YES;
				CLANG_WARN_NON_LITERAL_NULL_CONVERSION = YES;
				CLANG_WARN_OBJC_IMPLICIT_RETAIN_SELF = YES;
				CLANG_WARN_OBJC_LITERAL_CONVERSION = YES;
				CLANG_WARN_OBJC_ROOT_CLASS = YES_ERROR;
				CLANG_WARN_QUOTED_INCLUDE_IN_FRAMEWORK_HEADER = YES;
				CLANG_WARN_RANGE_LOOP_ANALYSIS = YES;
				CLANG_WARN_STRICT_PROTOTYPES = YES;
				CLANG_WARN_SUSPICIOUS_MOVE = YES;
				CLANG_WARN_UNGUARDED_AVAILABILITY = YES_AGGRESSIVE;
				CLANG_WARN_UNREACHABLE_CODE = YES;
				CLANG_WARN__DUPLICATE_METHOD_MATCH = YES;
				COPY_PHASE_STRIP = NO;
				DEBUG_INFORMATION_FORMAT = "dwarf-with-dsym";
				ENABLE_NS_ASSERTIONS = NO;
				ENABLE_STRICT_OBJC_MSGSEND = YES;
				GCC_C_LANGUAGE_STANDARD = gnu11;
				GCC_NO_COMMON_BLOCKS = YES;
				GCC_WARN_64_TO_32_BIT_CONVERSION = YES;
				GCC_WARN_ABOUT_RETURN_TYPE = YES_ERROR;
				GCC_WARN_UNDECLARED_SELECTOR = YES;
				GCC_WARN_UNINITIALIZED_AUTOS = YES_AGGRESSIVE;
				GCC_WARN_UNUSED_FUNCTION = YES;
				GCC_WARN_UNUSED_VARIABLE = YES;
				IPHONEOS_DEPLOYMENT_TARGET = 15.4;
				MTL_ENABLE_DEBUG_INFO = NO;
				MTL_FAST_MATH = YES;
				SDKROOT = iphoneos;
				SWIFT_COMPILATION_MODE = wholemodule;
				SWIFT_OPTIMIZATION_LEVEL = "-O";
				VALIDATE_PRODUCT = YES;
			};
			name = Release;
		};
		BFCCA8A2280942D4004D2CE1 /* Debug */ = {
			isa = XCBuildConfiguration;
			buildSettings = {
				ASSETCATALOG_COMPILER_APPICON_NAME = AppIcon;
				ASSETCATALOG_COMPILER_GLOBAL_ACCENT_COLOR_NAME = AccentColor;
				CODE_SIGN_STYLE = Automatic;
				CURRENT_PROJECT_VERSION = 1;
				DEVELOPMENT_TEAM = 64WAG22Y2J;
				GENERATE_INFOPLIST_FILE = YES;
				INFOPLIST_FILE = stockApp/Info.plist;
				INFOPLIST_KEY_UIApplicationSupportsIndirectInputEvents = YES;
				INFOPLIST_KEY_UILaunchStoryboardName = LaunchScreen;
				INFOPLIST_KEY_UISupportedInterfaceOrientations = UIInterfaceOrientationPortrait;
				INFOPLIST_KEY_UISupportedInterfaceOrientations_iPad = "UIInterfaceOrientationPortrait UIInterfaceOrientationPortraitUpsideDown UIInterfaceOrientationLandscapeLeft UIInterfaceOrientationLandscapeRight";
				INFOPLIST_KEY_UISupportedInterfaceOrientations_iPhone = "UIInterfaceOrientationPortrait UIInterfaceOrientationLandscapeLeft UIInterfaceOrientationLandscapeRight";
				IPHONEOS_DEPLOYMENT_TARGET = 13.0;
				LD_RUNPATH_SEARCH_PATHS = (
					"$(inherited)",
					"@executable_path/Frameworks",
				);
				MARKETING_VERSION = 1.0;
				PRODUCT_BUNDLE_IDENTIFIER = vincent.stockApp;
				PRODUCT_NAME = "$(TARGET_NAME)";
				SWIFT_EMIT_LOC_STRINGS = YES;
				SWIFT_VERSION = 5.0;
				TARGETED_DEVICE_FAMILY = 1;
			};
			name = Debug;
		};
		BFCCA8A3280942D4004D2CE1 /* Release */ = {
			isa = XCBuildConfiguration;
			buildSettings = {
				ASSETCATALOG_COMPILER_APPICON_NAME = AppIcon;
				ASSETCATALOG_COMPILER_GLOBAL_ACCENT_COLOR_NAME = AccentColor;
				CODE_SIGN_STYLE = Automatic;
				CURRENT_PROJECT_VERSION = 1;
				DEVELOPMENT_TEAM = 64WAG22Y2J;
				GENERATE_INFOPLIST_FILE = YES;
				INFOPLIST_FILE = stockApp/Info.plist;
				INFOPLIST_KEY_UIApplicationSupportsIndirectInputEvents = YES;
				INFOPLIST_KEY_UILaunchStoryboardName = LaunchScreen;
				INFOPLIST_KEY_UISupportedInterfaceOrientations = UIInterfaceOrientationPortrait;
				INFOPLIST_KEY_UISupportedInterfaceOrientations_iPad = "UIInterfaceOrientationPortrait UIInterfaceOrientationPortraitUpsideDown UIInterfaceOrientationLandscapeLeft UIInterfaceOrientationLandscapeRight";
				INFOPLIST_KEY_UISupportedInterfaceOrientations_iPhone = "UIInterfaceOrientationPortrait UIInterfaceOrientationLandscapeLeft UIInterfaceOrientationLandscapeRight";
				IPHONEOS_DEPLOYMENT_TARGET = 13.0;
				LD_RUNPATH_SEARCH_PATHS = (
					"$(inherited)",
					"@executable_path/Frameworks",
				);
				MARKETING_VERSION = 1.0;
				PRODUCT_BUNDLE_IDENTIFIER = vincent.stockApp;
				PRODUCT_NAME = "$(TARGET_NAME)";
				SWIFT_EMIT_LOC_STRINGS = YES;
				SWIFT_VERSION = 5.0;
				TARGETED_DEVICE_FAMILY = 1;
			};
			name = Release;
		};
/* End XCBuildConfiguration section */

/* Begin XCConfigurationList section */
		BFCCA888280942D2004D2CE1 /* Build configuration list for PBXProject "stockApp" */ = {
			isa = XCConfigurationList;
			buildConfigurations = (
				BFCCA89F280942D4004D2CE1 /* Debug */,
				BFCCA8A0280942D4004D2CE1 /* Release */,
			);
			defaultConfigurationIsVisible = 0;
			defaultConfigurationName = Release;
		};
		BFCCA8A1280942D4004D2CE1 /* Build configuration list for PBXNativeTarget "stockApp" */ = {
			isa = XCConfigurationList;
			buildConfigurations = (
				BFCCA8A2280942D4004D2CE1 /* Debug */,
				BFCCA8A3280942D4004D2CE1 /* Release */,
			);
			defaultConfigurationIsVisible = 0;
			defaultConfigurationName = Release;
		};
/* End XCConfigurationList section */
	};
	rootObject = BFCCA885280942D2004D2CE1 /* Project object */;
}
